
Microsoft Visual Studio Solution File, Format Version 12.00
# Visual Studio Version 16
VisualStudioVersion = 16.0.31624.102
MinimumVisualStudioVersion = 10.0.40219.1
Project("{FAE04EC0-301F-11D3-BF4B-00C04F79EFBC}") = "RegistroConDetalle", "RegistroConDetalle.csproj", "{C1EE82FC-67CD-4B7D-B25D-B7D7B814997B}"
EndProject
Global
	GlobalSection(SolutionConfigurationPlatforms) = preSolution
		Debug|Any CPU = Debug|Any CPU
		Release|Any CPU = Release|Any CPU
	EndGlobalSection
	GlobalSection(ProjectConfigurationPlatforms) = postSolution
		{C1EE82FC-67CD-4B7D-B25D-B7D7B814997B}.Debug|Any CPU.ActiveCfg = Debug|Any CPU
		{C1EE82FC-67CD-4B7D-B25D-B7D7B814997B}.Debug|Any CPU.Build.0 = Debug|Any CPU
		{C1EE82FC-67CD-4B7D-B25D-B7D7B814997B}.Release|Any CPU.ActiveCfg = Release|Any CPU
		{C1EE82FC-67CD-4B7D-B25D-B7D7B814997B}.Release|Any CPU.Build.0 = Release|Any CPU
	EndGlobalSection
	GlobalSection(SolutionProperties) = preSolution
		HideSolutionNode = FALSE
	EndGlobalSection
	GlobalSection(ExtensibilityGlobals) = postSolution
		SolutionGuid = {619D2E88-FA0B-4C8D-9746-F30661B6F40B}
	EndGlobalSection
EndGlobal
